
Microsoft Visual Studio Solution File, Format Version 12.00
# Visual Studio 15
VisualStudioVersion = 15.0.28010.2046
MinimumVisualStudioVersion = 10.0.40219.1
Project("{FAE04EC0-301F-11D3-BF4B-00C04F79EFBC}") = "LibreriaArray", "LibreriaArray\LibreriaArray.csproj", "{DF02E63B-9537-4321-BAB4-9F5658833828}"
EndProject
Project("{FAE04EC0-301F-11D3-BF4B-00C04F79EFBC}") = "Array", "Array\Array.csproj", "{88FB2D93-1D2C-49DA-977E-C407F24C1131}"
EndProject
Global
	GlobalSection(SolutionConfigurationPlatforms) = preSolution
		Debug|Any CPU = Debug|Any CPU
		Release|Any CPU = Release|Any CPU
	EndGlobalSection
	GlobalSection(ProjectConfigurationPlatforms) = postSolution
		{DF02E63B-9537-4321-BAB4-9F5658833828}.Debug|Any CPU.ActiveCfg = Debug|Any CPU
		{DF02E63B-9537-4321-BAB4-9F5658833828}.Debug|Any CPU.Build.0 = Debug|Any CPU
		{DF02E63B-9537-4321-BAB4-9F5658833828}.Release|Any CPU.ActiveCfg = Release|Any CPU
		{DF02E63B-9537-4321-BAB4-9F5658833828}.Release|Any CPU.Build.0 = Release|Any CPU
		{88FB2D93-1D2C-49DA-977E-C407F24C1131}.Debug|Any CPU.ActiveCfg = Debug|Any CPU
		{88FB2D93-1D2C-49DA-977E-C407F24C1131}.Debug|Any CPU.Build.0 = Debug|Any CPU
		{88FB2D93-1D2C-49DA-977E-C407F24C1131}.Release|Any CPU.ActiveCfg = Release|Any CPU
		{88FB2D93-1D2C-49DA-977E-C407F24C1131}.Release|Any CPU.Build.0 = Release|Any CPU
	EndGlobalSection
	GlobalSection(SolutionProperties) = preSolution
		HideSolutionNode = FALSE
	EndGlobalSection
	GlobalSection(ExtensibilityGlobals) = postSolution
		SolutionGuid = {E334A851-4ABF-4880-8481-73D14CC12CAD}
	EndGlobalSection
EndGlobal
